Microsoft Visual Studio Solution File, Format Version 11.00
# Visual Studio 2008

Project("{14C74267-D3A1-1D1C-EAD7-91FAAE017762}") = "Animation Testing Project", "Assembly-CSharp.csproj", "{5D54D408-5F64-E8A9-BCCF-B56AE22109BD}"
EndProject
Project("{14C74267-D3A1-1D1C-EAD7-91FAAE017762}") = "Animation Testing Project", "Assembly-UnityScript.unityproj", "{F4830F51-F271-FAA1-AE36-ED9A4510A3F3}"
EndProject
Global
	GlobalSection(SolutionConfigurationPlatforms) = preSolution
		Debug|Any CPU = Debug|Any CPU
		Release|Any CPU = Release|Any CPU
	EndGlobalSection
	GlobalSection(ProjectConfigurationPlatforms) = postSolution
		{5D54D408-5F64-E8A9-BCCF-B56AE22109BD}.Debug|Any CPU.ActiveCfg = Debug|Any CPU
		{5D54D408-5F64-E8A9-BCCF-B56AE22109BD}.Debug|Any CPU.Build.0 = Debug|Any CPU
		{5D54D408-5F64-E8A9-BCCF-B56AE22109BD}.Release|Any CPU.ActiveCfg = Release|Any CPU
		{5D54D408-5F64-E8A9-BCCF-B56AE22109BD}.Release|Any CPU.Build.0 = Release|Any CPU
		{F4830F51-F271-FAA1-AE36-ED9A4510A3F3}.Debug|Any CPU.ActiveCfg = Debug|Any CPU
		{F4830F51-F271-FAA1-AE36-ED9A4510A3F3}.Debug|Any CPU.Build.0 = Debug|Any CPU
		{F4830F51-F271-FAA1-AE36-ED9A4510A3F3}.Release|Any CPU.ActiveCfg = Release|Any CPU
		{F4830F51-F271-FAA1-AE36-ED9A4510A3F3}.Release|Any CPU.Build.0 = Release|Any CPU
	EndGlobalSection
	GlobalSection(SolutionProperties) = preSolution
		HideSolutionNode = FALSE
	EndGlobalSection
																																													GlobalSection(MonoDevelopProperties) = preSolution
		StartupItem = Assembly-CSharp.csproj
		Policies = $0
		$0.TextStylePolicy = $1
		$1.inheritsSet = null
		$1.scope = text/x-csharp
		$0.CSharpFormattingPolicy = $2
		$2.inheritsSet = Mono
		$2.inheritsScope = text/x-csharp
		$2.scope = text/x-csharp
		$0.TextStylePolicy = $3
		$3.FileWidth = 120
		$3.TabWidth = 4
		$3.EolMarker = Unix
		$3.inheritsSet = Mono
		$3.inheritsScope = text/plain
		$3.scope = text/plain
	EndGlobalSection

EndGlobal
